lockfileVersion: '9.0'

settings:
  autoInstallPeers: true
  excludeLinksFromLockfile: false

importers:

  .:
    devDependencies:
      '@types/k6':
        specifier: 2.3.0
        version: 2.3.0

packages:

  '@types/k6@2.3.0':
    resolution: {integrity: sha512-kEiRQx9MRQZ0vAwWgZUyYvuEc1JC++OZbH9uHVLsSOIKFLwHz8UeIV1EuIlB4Fqn03A4ZM+E624zVsvQPAAp6Q==}

snapshots:

  '@types/k6@2.3.0': {}
