# THIS IS AN AUTOGENERATED FILE. DO NOT EDIT THIS FILE DIRECTLY.
# yarn lockfile v1


"@types/k6@1.4.0":
  version "1.4.0"
  resolved "https://registry.yarnpkg.com/@types/k6/-/k6-1.4.0.tgz#b8d6fb534ffb05df988b1981026642230f8495a2"
  integrity sha512-2tgKVnzNXZTZT1TDAGLY/3cuvHPZLyOF751N7M8T2dBgWzInzUVZYjGn9zVW01S1yNLqAr1az9gctyJHTW6GRQ==
